
Microsoft Visual Studio Solution File, Format Version 12.00
# Visual Studio Version 16
VisualStudioVersion = 16.0.32126.315
MinimumVisualStudioVersion = 10.0.40219.1
Project("{FAE04EC0-301F-11D3-BF4B-00C04F79EFBC}") = "equiposWebApi", "equiposWebApi.csproj", "{DE09C8AB-E401-496F-AFE5-7423F2B9CE73}"
EndProject
Global
	GlobalSection(SolutionConfigurationPlatforms) = preSolution
		Debug|Any CPU = Debug|Any CPU
		Release|Any CPU = Release|Any CPU
	EndGlobalSection
	GlobalSection(ProjectConfigurationPlatforms) = postSolution
		{DE09C8AB-E401-496F-AFE5-7423F2B9CE73}.Debug|Any CPU.ActiveCfg = Debug|Any CPU
		{DE09C8AB-E401-496F-AFE5-7423F2B9CE73}.Debug|Any CPU.Build.0 = Debug|Any CPU
		{DE09C8AB-E401-496F-AFE5-7423F2B9CE73}.Release|Any CPU.ActiveCfg = Release|Any CPU
		{DE09C8AB-E401-496F-AFE5-7423F2B9CE73}.Release|Any CPU.Build.0 = Release|Any CPU
	EndGlobalSection
	GlobalSection(SolutionProperties) = preSolution
		HideSolutionNode = FALSE
	EndGlobalSection
	GlobalSection(ExtensibilityGlobals) = postSolution
		SolutionGuid = {AE89285C-7EFE-48C2-9801-4CB4F66DE2F4}
	EndGlobalSection
EndGlobal
